<?xml version="1.0" encoding="utf-8"?>
<Project ToolsVersion="4.0" xmlns="http://schemas.microsoft.com/developer/msbuild/2003">
  <ItemGroup>
    <Filter Include="Rendering">
      <UniqueIdentifier>{E3AE1F7C-4F19-D4F2-9857-85980401B247}</UniqueIdentifier>
    </Filter>
    <Filter Include="Rendering\RHI">
      <UniqueIdentifier>{95946DD0-0155-E906-CA8F-3284360F2EE3}</UniqueIdentifier>
    </Filter>
    <Filter Include="Rendering\RHI\Vulkan">
      <UniqueIdentifier>{75083FF8-6197-C8C1-0AB6-DCBCF623D967}</UniqueIdentifier>
    </Filter>
    <Filter Include="Window">
      <UniqueIdentifier>{3DEA79DA-298C-A4B0-1247-B804FE872B01}</UniqueIdentifier>
    </Filter>
  </ItemGroup>
  <ItemGroup>
    <ClInclude Include="src\Rendering\EngineRenderer.h">
      <Filter>Rendering</Filter>
    </ClInclude>
    <ClInclude Include="src\Rendering\RHI\Vulkan\VulkanRHI.h">
      <Filter>Rendering\RHI\Vulkan</Filter>
    </ClInclude>
    <ClInclude Include="src\Window\EngineWindow.h">
      <Filter>Window</Filter>
    </ClInclude>
    <ClInclude Include="src\Window\Win32EngineWindow.h">
      <Filter>Window</Filter>
    </ClInclude>
    <ClInclude Include="src\Rendering\RHI\Vulkan\Instance.h" />
    <ClInclude Include="src\Rendering\RHI\Vulkan\ValidationLayers.h" />
    <ClInclude Include="src\Rendering\RHI\DirectX12\DX12RHI.h" />
    <ClInclude Include="src\Rendering\RHI\Vulkan\Surface.h" />
  </ItemGroup>
  <ItemGroup>
    <ClCompile Include="src\Rendering\EngineRenderer.cpp">
      <Filter>Rendering</Filter>
    </ClCompile>
    <ClCompile Include="src\Rendering\RHI\Vulkan\VulkanRHI.cpp">
      <Filter>Rendering\RHI\Vulkan</Filter>
    </ClCompile>
    <ClCompile Include="src\Window\EngineWindow.cpp">
      <Filter>Window</Filter>
    </ClCompile>
    <ClCompile Include="src\Window\Win32EngineWindow.cpp">
      <Filter>Window</Filter>
    </ClCompile>
    <ClCompile Include="src\Rendering\RHI\Vulkan\Instance.cpp" />
    <ClCompile Include="src\Rendering\RHI\Vulkan\ValidationLayers.cpp" />
    <ClCompile Include="src\Rendering\RHI\DirectX12\DX12RHI.cpp" />
    <ClCompile Include="src\Rendering\RHI\Vulkan\VulkanPlatform.h" />
    <ClCompile Include="src\Rendering\RHI\Vulkan\Surface.cpp" />
  </ItemGroup>
</Project>